// !$*UTF8*$!
{
	archiveVersion = 1;
	classes = {
	};
	objectVersion = 50;
	objects = {

/* Begin PBXBuildFile section */
		FB2A55BE2337610200137E0C /* AboutUs.storyboard in Resources */ = {isa = PBXBuildFile; fileRef = FB2A55BC2337610200137E0C /* AboutUs.storyboard */; };
		FB2A55C02337638300137E0C /* Help.storyboard in Resources */ = {isa = PBXBuildFile; fileRef = FB2A55BF2337638300137E0C /* Help.storyboard */; };
		FB62481E233725B000513D21 /* AppDelegate.swift in Sources */ = {isa = PBXBuildFile; fileRef = FB62481D233725B000513D21 /* AppDelegate.swift */; };
		FB624820233725B000513D21 /* EntryViewController.swift in Sources */ = {isa = PBXBuildFile; fileRef = FB62481F233725B000513D21 /* EntryViewController.swift */; };
		FB624823233725B000513D21 /* Main.storyboard in Resources */ = {isa = PBXBuildFile; fileRef = FB624821233725B000513D21 /* Main.storyboard */; };
		FB624825233725B200513D21 /* Assets.xcassets in Resources */ = {isa = PBXBuildFile; fileRef = FB624824233725B200513D21 /* Assets.xcassets */; };
		FB624828233725B200513D21 /* LaunchScreen.storyboard in Resources */ = {isa = PBXBuildFile; fileRef = FB624826233725B200513D21 /* LaunchScreen.storyboard */; };
/* End PBXBuildFile section */

/* Begin PBXFileReference section */
		FB2A55BD2337610200137E0C /* Base */ = {isa = PBXFileReference; lastKnownFileType = file.storyboard; name = Base; path = Debait_Testing/Base.lproj/AboutUs.storyboard; sourceTree = "<group>"; };
		FB2A55BF2337638300137E0C /* Help.storyboard */ = {isa = PBXFileReference; fileEncoding = 4; lastKnownFileType = file.storyboard; path = Help.storyboard; sourceTree = "<group>"; };
		FB62481A233725B000513D21 /* Debait_Testing.app */ = {isa = PBXFileReference; explicitFileType = wrapper.application; includeInIndex = 0; path = Debait_Testing.app; sourceTree = BUILT_PRODUCTS_DIR; };
		FB62481D233725B000513D21 /* AppDelegate.swift */ = {isa = PBXFileReference; lastKnownFileType = sourcecode.swift; path = AppDelegate.swift; sourceTree = "<group>"; };
		FB62481F233725B000513D21 /* EntryViewController.swift */ = {isa = PBXFileReference; lastKnownFileType = sourcecode.swift; path = EntryViewController.swift; sourceTree = "<group>"; };
		FB624822233725B000513D21 /* Base */ = {isa = PBXFileReference; lastKnownFileType = file.storyboard; name = Base; path = Base.lproj/Main.storyboard; sourceTree = "<group>"; };
		FB624824233725B200513D21 /* Assets.xcassets */ = {isa = PBXFileReference; lastKnownFileType = folder.assetcatalog; path = Assets.xcassets; sourceTree = "<group>"; };
		FB624827233725B200513D21 /* Base */ = {isa = PBXFileReference; lastKnownFileType = file.storyboard; name = Base; path = Base.lproj/LaunchScreen.storyboard; sourceTree = "<group>"; };
		FB624829233725B200513D21 /* Info.plist */ = {isa = PBXFileReference; lastKnownFileType = text.plist.xml; path = Info.plist; sourceTree = "<group>"; };
/* End PBXFileReference section */

/* Begin PBXFrameworksBuildPhase section */
		FB624817233725B000513D21 /* Frameworks */ = {
			isa = PBXFrameworksBuildPhase;
			buildActionMask = 2147483647;
			files = (
			);
			runOnlyForDeploymentPostprocessing = 0;
		};
/* End PBXFrameworksBuildPhase section */

/* Begin PBXGroup section */
		FB624811233725B000513D21 = {
			isa = PBXGroup;
			children = (
				FB2A55BF2337638300137E0C /* Help.storyboard */,
				FB2A55BC2337610200137E0C /* AboutUs.storyboard */,
				FB62481C233725B000513D21 /* Debait_Testing */,
				FB62481B233725B000513D21 /* Products */,
			);
			sourceTree = "<group>";
		};
		FB62481B233725B000513D21 /* Products */ = {
			isa = PBXGroup;
			children = (
				FB62481A233725B000513D21 /* Debait_Testing.app */,
			);
			name = Products;
			sourceTree = "<group>";
		};
		FB62481C233725B000513D21 /* Debait_Testing */ = {
			isa = PBXGroup;
			children = (
				FB62481D233725B000513D21 /* AppDelegate.swift */,
				FB62481F233725B000513D21 /* EntryViewController.swift */,
				FB624821233725B000513D21 /* Main.storyboard */,
				FB624824233725B200513D21 /* Assets.xcassets */,
				FB624826233725B200513D21 /* LaunchScreen.storyboard */,
				FB624829233725B200513D21 /* Info.plist */,
			);
			path = Debait_Testing;
			sourceTree = "<group>";
		};
/* End PBXGroup section */

/* Begin PBXNativeTarget section */
		FB624819233725B000513D21 /* Debait_Testing */ = {
			isa = PBXNativeTarget;
			buildConfigurationList = FB62482C233725B200513D21 /* Build configuration list for PBXNativeTarget "Debait_Testing" */;
			buildPhases = (
				FB624816233725B000513D21 /* Sources */,
				FB624817233725B000513D21 /* Frameworks */,
				FB624818233725B000513D21 /* Resources */,
			);
			buildRules = (
			);
			dependencies = (
			);
			name = Debait_Testing;
			productName = Debait_Testing;
			productReference = FB62481A233725B000513D21 /* Debait_Testing.app */;
			productType = "com.apple.product-type.application";
		};
/* End PBXNativeTarget section */

/* Begin PBXProject section */
		FB624812233725B000513D21 /* Project object */ = {
			isa = PBXProject;
			attributes = {
				LastSwiftUpdateCheck = 1030;
				LastUpgradeCheck = 1030;
				ORGANIZATIONNAME = "Alejandro Martinez";
				TargetAttributes = {
					FB624819233725B000513D21 = {
						CreatedOnToolsVersion = 10.3;
					};
				};
			};
			buildConfigurationList = FB624815233725B000513D21 /* Build configuration list for PBXProject "Debait_Testing" */;
			compatibilityVersion = "Xcode 9.3";
			developmentRegion = en;
			hasScannedForEncodings = 0;
			knownRegions = (
				en,
				Base,
			);
			mainGroup = FB624811233725B000513D21;
			productRefGroup = FB62481B233725B000513D21 /* Products */;
			projectDirPath = "";
			projectRoot = "";
			targets = (
				FB624819233725B000513D21 /* Debait_Testing */,
			);
		};
/* End PBXProject section */

/* Begin PBXResourcesBuildPhase section */
		FB624818233725B000513D21 /* Resources */ = {
			isa = PBXResourcesBuildPhase;
			buildActionMask = 2147483647;
			files = (
				FB2A55BE2337610200137E0C /* AboutUs.storyboard in Resources */,
				FB624828233725B200513D21 /* LaunchScreen.storyboard in Resources */,
				FB2A55C02337638300137E0C /* Help.storyboard in Resources */,
				FB624825233725B200513D21 /* Assets.xcassets in Resources */,
				FB624823233725B000513D21 /* Main.storyboard in Resources */,
			);
			runOnlyForDeploymentPostprocessing = 0;
		};
/* End PBXResourcesBuildPhase section */

/* Begin PBXSourcesBuildPhase section */
		FB624816233725B000513D21 /* Sources */ = {
			isa = PBXSourcesBuildPhase;
			buildActionMask = 2147483647;
			files = (
				FB624820233725B000513D21 /* EntryViewController.swift in Sources */,
				FB62481E233725B000513D21 /* AppDelegate.swift in Sources */,
			);
			runOnlyForDeploymentPostprocessing = 0;
		};
/* End PBXSourcesBuildPhase section */

/* Begin PBXVariantGroup section */
		FB2A55BC2337610200137E0C /* AboutUs.storyboard */ = {
			isa = PBXVariantGroup;
			children = (
				FB2A55BD2337610200137E0C /* Base */,
			);
			name = AboutUs.storyboard;
			sourceTree = "<group>";
		};
		FB624821233725B000513D21 /* Main.storyboard */ = {
			isa = PBXVariantGroup;
			children = (
				FB624822233725B000513D21 /* Base */,
			);
			name = Main.storyboard;
			sourceTree = "<group>";
		};
		FB624826233725B200513D21 /* LaunchScreen.storyboard */ = {
			isa = PBXVariantGroup;
			children = (
				FB624827233725B200513D21 /* Base */,
			);
			name = LaunchScreen.storyboard;
			sourceTree = "<group>";
		};
/* End PBXVariantGroup section */

/* Begin XCBuildConfiguration section */
		FB62482A233725B200513D21 /* Debug */ = {
			isa = XCBuildConfiguration;
			buildSettings = {
				ALWAYS_SEARCH_USER_PATHS = NO;
				CLANG_ANALYZER_NONNULL = YES;
				CLANG_ANALYZER_NUMBER_OBJECT_CONVERSION = YES_AGGRESSIVE;
				CLANG_CXX_LANGUAGE_STANDARD = "gnu++14";
				CLANG_CXX_LIBRARY = "libc++";
				CLANG_ENABLE_MODULES = YES;
				CLANG_ENABLE_OBJC_ARC = YES;
				CLANG_ENABLE_OBJC_WEAK = YES;
				CLANG_WARN_BLOCK_CAPTURE_AUTORELEASING = YES;
				CLANG_WARN_BOOL_CONVERSION = YES;
				CLANG_WARN_COMMA = YES;
				CLANG_WARN_CONSTANT_CONVERSION = YES;
				CLANG_WARN_DEPRECATED_OBJC_IMPLEMENTATIONS = YES;
				CLANG_WARN_DIRECT_OBJC_ISA_USAGE = YES_ERROR;
				CLANG_WARN_DOCUMENTATION_COMMENTS = YES;
				CLANG_WARN_EMPTY_BODY = YES;
				CLANG_WARN_ENUM_CONVERSION = YES;
				CLANG_WARN_INFINITE_RECURSION = YES;
				CLANG_WARN_INT_CONVERSION = YES;
				CLANG_WARN_NON_LITERAL_NULL_CONVERSION = YES;
				CLANG_WARN_OBJC_IMPLICIT_RETAIN_SELF = YES;
				CLANG_WARN_OBJC_LITERAL_CONVERSION = YES;
				CLANG_WARN_OBJC_ROOT_CLASS = YES_ERROR;
				CLANG_WARN_RANGE_LOOP_ANALYSIS = YES;
				CLANG_WARN_STRICT_PROTOTYPES = YES;
				CLANG_WARN_SUSPICIOUS_MOVE = YES;
				CLANG_WARN_UNGUARDED_AVAILABILITY = YES_AGGRESSIVE;
				CLANG_WARN_UNREACHABLE_CODE = YES;
				CLANG_WARN__DUPLICATE_METHOD_MATCH = YES;
				CODE_SIGN_IDENTITY = "iPhone Developer";
				COPY_PHASE_STRIP = NO;
				DEBUG_INFORMATION_FORMAT = dwarf;
				ENABLE_STRICT_OBJC_MSGSEND = YES;
				ENABLE_TESTABILITY = YES;
				GCC_C_LANGUAGE_STANDARD = gnu11;
				GCC_DYNAMIC_NO_PIC = NO;
				GCC_NO_COMMON_BLOCKS = YES;
				GCC_OPTIMIZATION_LEVEL = 0;
				GCC_PREPROCESSOR_DEFINITIONS = (
					"DEBUG=1",
					"$(inherited)",
				);
				GCC_WARN_64_TO_32_BIT_CONVERSION = YES;
				GCC_WARN_ABOUT_RETURN_TYPE = YES_ERROR;
				GCC_WARN_UNDECLARED_SELECTOR = YES;
				GCC_WARN_UNINITIALIZED_AUTOS = YES_AGGRESSIVE;
				GCC_WARN_UNUSED_FUNCTION = YES;
				GCC_WARN_UNUSED_VARIABLE = YES;
				IPHONEOS_DEPLOYMENT_TARGET = 12.4;
				MTL_ENABLE_DEBUG_INFO = INCLUDE_SOURCE;
				MTL_FAST_MATH = YES;
				ONLY_ACTIVE_ARCH = YES;
				SDKROOT = iphoneos;
				SWIFT_ACTIVE_COMPILATION_CONDITIONS = DEBUG;
				SWIFT_OPTIMIZATION_LEVEL = "-Onone";
			};
			name = Debug;
		};
		FB62482B233725B200513D21 /* Release */ = {
			isa = XCBuildConfiguration;
			buildSettings = {
				ALWAYS_SEARCH_USER_PATHS = NO;
				CLANG_ANALYZER_NONNULL = YES;
				CLANG_ANALYZER_NUMBER_OBJECT_CONVERSION = YES_AGGRESSIVE;
				CLANG_CXX_LANGUAGE_STANDARD = "gnu++14";
				CLANG_CXX_LIBRARY = "libc++";
				CLANG_ENABLE_MODULES = YES;
				CLANG_ENABLE_OBJC_ARC = YES;
				CLANG_ENABLE_OBJC_WEAK = YES;
				CLANG_WARN_BLOCK_CAPTURE_AUTORELEASING = YES;
				CLANG_WARN_BOOL_CONVERSION = YES;
				CLANG_WARN_COMMA = YES;
				CLANG_WARN_CONSTANT_CONVERSION = YES;
				CLANG_WARN_DEPRECATED_OBJC_IMPLEMENTATIONS = YES;
				CLANG_WARN_DIRECT_OBJC_ISA_USAGE = YES_ERROR;
				CLANG_WARN_DOCUMENTATION_COMMENTS = YES;
				CLANG_WARN_EMPTY_BODY = YES;
				CLANG_WARN_ENUM_CONVERSION = YES;
				CLANG_WARN_INFINITE_RECURSION = YES;
				CLANG_WARN_INT_CONVERSION = YES;
				CLANG_WARN_NON_LITERAL_NULL_CONVERSION = YES;
				CLANG_WARN_OBJC_IMPLICIT_RETAIN_SELF = YES;
				CLANG_WARN_OBJC_LITERAL_CONVERSION = YES;
				CLANG_WARN_OBJC_ROOT_CLASS = YES_ERROR;
				CLANG_WARN_RANGE_LOOP_ANALYSIS = YES;
				CLANG_WARN_STRICT_PROTOTYPES = YES;
				CLANG_WARN_SUSPICIOUS_MOVE = YES;
				CLANG_WARN_UNGUARDED_AVAILABILITY = YES_AGGRESSIVE;
				CLANG_WARN_UNREACHABLE_CODE = YES;
				CLANG_WARN__DUPLICATE_METHOD_MATCH = YES;
				CODE_SIGN_IDENTITY = "iPhone Developer";
				COPY_PHASE_STRIP = NO;
				DEBUG_INFORMATION_FORMAT = "dwarf-with-dsym";
				ENABLE_NS_ASSERTIONS = NO;
				ENABLE_STRICT_OBJC_MSGSEND = YES;
				GCC_C_LANGUAGE_STANDARD = gnu11;
				GCC_NO_COMMON_BLOCKS = YES;
				GCC_WARN_64_TO_32_BIT_CONVERSION = YES;
				GCC_WARN_ABOUT_RETURN_TYPE = YES_ERROR;
				GCC_WARN_UNDECLARED_SELECTOR = YES;
				GCC_WARN_UNINITIALIZED_AUTOS = YES_AGGRESSIVE;
				GCC_WARN_UNUSED_FUNCTION = YES;
				GCC_WARN_UNUSED_VARIABLE = YES;
				IPHONEOS_DEPLOYMENT_TARGET = 12.4;
				MTL_ENABLE_DEBUG_INFO = NO;
				MTL_FAST_MATH = YES;
				SDKROOT = iphoneos;
				SWIFT_COMPILATION_MODE = wholemodule;
				SWIFT_OPTIMIZATION_LEVEL = "-O";
				VALIDATE_PRODUCT = YES;
			};
			name = Release;
		};
		FB62482D233725B200513D21 /* Debug */ = {
			isa = XCBuildConfiguration;
			buildSettings = {
				ASSETCATALOG_COMPILER_APPICON_NAME = AppIcon;
				CODE_SIGN_STYLE = Automatic;
				DEVELOPMENT_TEAM = MXL7QRJUVP;
				INFOPLIST_FILE = Debait_Testing/Info.plist;
				LD_RUNPATH_SEARCH_PATHS = (
					"$(inherited)",
					"@executable_path/Frameworks",
				);
				PRODUCT_BUNDLE_IDENTIFIER = "com.example..Debait-Testing";
				PRODUCT_NAME = "$(TARGET_NAME)";
				SWIFT_VERSION = 5.0;
				TARGETED_DEVICE_FAMILY = "1,2";
			};
			name = Debug;
		};
		FB62482E233725B200513D21 /* Release */ = {
			isa = XCBuildConfiguration;
			buildSettings = {
				ASSETCATALOG_COMPILER_APPICON_NAME = AppIcon;
				CODE_SIGN_STYLE = Automatic;
				DEVELOPMENT_TEAM = MXL7QRJUVP;
				INFOPLIST_FILE = Debait_Testing/Info.plist;
				LD_RUNPATH_SEARCH_PATHS = (
					"$(inherited)",
					"@executable_path/Frameworks",
				);
				PRODUCT_BUNDLE_IDENTIFIER = "com.example..Debait-Testing";
				PRODUCT_NAME = "$(TARGET_NAME)";
				SWIFT_VERSION = 5.0;
				TARGETED_DEVICE_FAMILY = "1,2";
			};
			name = Release;
		};
/* End XCBuildConfiguration section */

/* Begin XCConfigurationList section */
		FB624815233725B000513D21 /* Build configuration list for PBXProject "Debait_Testing" */ = {
			isa = XCConfigurationList;
			buildConfigurations = (
				FB62482A233725B200513D21 /* Debug */,
				FB62482B233725B200513D21 /* Release */,
			);
			defaultConfigurationIsVisible = 0;
			defaultConfigurationName = Release;
		};
		FB62482C233725B200513D21 /* Build configuration list for PBXNativeTarget "Debait_Testing" */ = {
			isa = XCConfigurationList;
			buildConfigurations = (
				FB62482D233725B200513D21 /* Debug */,
				FB62482E233725B200513D21 /* Release */,
			);
			defaultConfigurationIsVisible = 0;
			defaultConfigurationName = Release;
		};
/* End XCConfigurationList section */
	};
	rootObject = FB624812233725B000513D21 /* Project object */;
}
